// !$*UTF8*$!
{
	archiveVersion = 1;
	classes = {
	};
	objectVersion = 46;
	objects = {

/* Begin PBXBuildFile section */
		C0DECEFB1B1F4FA1001569D1 /* AppDelegate.swift in Sources */ = {isa = PBXBuildFile; fileRef = C0DECEFA1B1F4FA1001569D1 /* AppDelegate.swift */; };
		C0DECEFD1B1F4FA1001569D1 /* ViewController.swift in Sources */ = {isa = PBXBuildFile; fileRef = C0DECEFC1B1F4FA1001569D1 /* ViewController.swift */; };
		C0DECEFF1B1F4FA1001569D1 /* Images.xcassets in Resources */ = {isa = PBXBuildFile; fileRef = C0DECEFE1B1F4FA1001569D1 /* Images.xcassets */; };
		C0DECF021B1F4FA1001569D1 /* Main.storyboard in Resources */ = {isa = PBXBuildFile; fileRef = C0DECF001B1F4FA1001569D1 /* Main.storyboard */; };
		C0DECF0E1B1F4FA1001569D1 /* JCP_OSxTests.swift in Sources */ = {isa = PBXBuildFile; fileRef = C0DECF0D1B1F4FA1001569D1 /* JCP_OSxTests.swift */; };
/* End PBXBuildFile section */

/* Begin PBXContainerItemProxy section */
		C0DECF081B1F4FA1001569D1 /* PBXContainerItemProxy */ = {
			isa = PBXContainerItemProxy;
			containerPortal = C0DECEED1B1F4FA1001569D1 /* Project object */;
			proxyType = 1;
			remoteGlobalIDString = C0DECEF41B1F4FA1001569D1;
			remoteInfo = "JCP OSx";
		};
/* End PBXContainerItemProxy section */

/* Begin PBXFileReference section */
		C0DECEF51B1F4FA1001569D1 /* JCP OSx.app */ = {isa = PBXFileReference; explicitFileType = wrapper.application; includeInIndex = 0; path = "JCP OSx.app"; sourceTree = BUILT_PRODUCTS_DIR; };
		C0DECEF91B1F4FA1001569D1 /* Info.plist */ = {isa = PBXFileReference; lastKnownFileType = text.plist.xml; path = Info.plist; sourceTree = "<group>"; };
		C0DECEFA1B1F4FA1001569D1 /* AppDelegate.swift */ = {isa = PBXFileReference; lastKnownFileType = sourcecode.swift; path = AppDelegate.swift; sourceTree = "<group>"; };
		C0DECEFC1B1F4FA1001569D1 /* ViewController.swift */ = {isa = PBXFileReference; lastKnownFileType = sourcecode.swift; path = ViewController.swift; sourceTree = "<group>"; };
		C0DECEFE1B1F4FA1001569D1 /* Images.xcassets */ = {isa = PBXFileReference; lastKnownFileType = folder.assetcatalog; path = Images.xcassets; sourceTree = "<group>"; };
		C0DECF011B1F4FA1001569D1 /* Base */ = {isa = PBXFileReference; lastKnownFileType = file.storyboard; name = Base; path = Base.lproj/Main.storyboard; sourceTree = "<group>"; };
		C0DECF071B1F4FA1001569D1 /* JCP OSxTests.xctest */ = {isa = PBXFileReference; explicitFileType = wrapper.cfbundle; includeInIndex = 0; path = "JCP OSxTests.xctest"; sourceTree = BUILT_PRODUCTS_DIR; };
		C0DECF0C1B1F4FA1001569D1 /* Info.plist */ = {isa = PBXFileReference; lastKnownFileType = text.plist.xml; path = Info.plist; sourceTree = "<group>"; };
		C0DECF0D1B1F4FA1001569D1 /* JCP_OSxTests.swift */ = {isa = PBXFileReference; lastKnownFileType = sourcecode.swift; path = JCP_OSxTests.swift; sourceTree = "<group>"; };
/* End PBXFileReference section */

/* Begin PBXFrameworksBuildPhase section */
		C0DECEF21B1F4FA1001569D1 /* Frameworks */ = {
			isa = PBXFrameworksBuildPhase;
			buildActionMask = 2147483647;
			files = (
			);
			runOnlyForDeploymentPostprocessing = 0;
		};
		C0DECF041B1F4FA1001569D1 /* Frameworks */ = {
			isa = PBXFrameworksBuildPhase;
			buildActionMask = 2147483647;
			files = (
			);
			runOnlyForDeploymentPostprocessing = 0;
		};
/* End PBXFrameworksBuildPhase section */

/* Begin PBXGroup section */
		C0DECEEC1B1F4FA1001569D1 = {
			isa = PBXGroup;
			children = (
				C0DECEF71B1F4FA1001569D1 /* JCP OSx */,
				C0DECF0A1B1F4FA1001569D1 /* JCP OSxTests */,
				C0DECEF61B1F4FA1001569D1 /* Products */,
			);
			sourceTree = "<group>";
		};
		C0DECEF61B1F4FA1001569D1 /* Products */ = {
			isa = PBXGroup;
			children = (
				C0DECEF51B1F4FA1001569D1 /* JCP OSx.app */,
				C0DECF071B1F4FA1001569D1 /* JCP OSxTests.xctest */,
			);
			name = Products;
			sourceTree = "<group>";
		};
		C0DECEF71B1F4FA1001569D1 /* JCP OSx */ = {
			isa = PBXGroup;
			children = (
				C0DECEFA1B1F4FA1001569D1 /* AppDelegate.swift */,
				C0DECEFC1B1F4FA1001569D1 /* ViewController.swift */,
				C0DECEFE1B1F4FA1001569D1 /* Images.xcassets */,
				C0DECF001B1F4FA1001569D1 /* Main.storyboard */,
				C0DECEF81B1F4FA1001569D1 /* Supporting Files */,
			);
			path = "JCP OSx";
			sourceTree = "<group>";
		};
		C0DECEF81B1F4FA1001569D1 /* Supporting Files */ = {
			isa = PBXGroup;
			children = (
				C0DECEF91B1F4FA1001569D1 /* Info.plist */,
			);
			name = "Supporting Files";
			sourceTree = "<group>";
		};
		C0DECF0A1B1F4FA1001569D1 /* JCP OSxTests */ = {
			isa = PBXGroup;
			children = (
				C0DECF0D1B1F4FA1001569D1 /* JCP_OSxTests.swift */,
				C0DECF0B1B1F4FA1001569D1 /* Supporting Files */,
			);
			path = "JCP OSxTests";
			sourceTree = "<group>";
		};
		C0DECF0B1B1F4FA1001569D1 /* Supporting Files */ = {
			isa = PBXGroup;
			children = (
				C0DECF0C1B1F4FA1001569D1 /* Info.plist */,
			);
			name = "Supporting Files";
			sourceTree = "<group>";
		};
/* End PBXGroup section */

/* Begin PBXNativeTarget section */
		C0DECEF41B1F4FA1001569D1 /* JCP OSx */ = {
			isa = PBXNativeTarget;
			buildConfigurationList = C0DECF111B1F4FA1001569D1 /* Build configuration list for PBXNativeTarget "JCP OSx" */;
			buildPhases = (
				C0DECEF11B1F4FA1001569D1 /* Sources */,
				C0DECEF21B1F4FA1001569D1 /* Frameworks */,
				C0DECEF31B1F4FA1001569D1 /* Resources */,
			);
			buildRules = (
			);
			dependencies = (
			);
			name = "JCP OSx";
			productName = "JCP OSx";
			productReference = C0DECEF51B1F4FA1001569D1 /* JCP OSx.app */;
			productType = "com.apple.product-type.application";
		};
		C0DECF061B1F4FA1001569D1 /* JCP OSxTests */ = {
			isa = PBXNativeTarget;
			buildConfigurationList = C0DECF141B1F4FA1001569D1 /* Build configuration list for PBXNativeTarget "JCP OSxTests" */;
			buildPhases = (
				C0DECF031B1F4FA1001569D1 /* Sources */,
				C0DECF041B1F4FA1001569D1 /* Frameworks */,
				C0DECF051B1F4FA1001569D1 /* Resources */,
			);
			buildRules = (
			);
			dependencies = (
				C0DECF091B1F4FA1001569D1 /* PBXTargetDependency */,
			);
			name = "JCP OSxTests";
			productName = "JCP OSxTests";
			productReference = C0DECF071B1F4FA1001569D1 /* JCP OSxTests.xctest */;
			productType = "com.apple.product-type.bundle.unit-test";
		};
/* End PBXNativeTarget section */

/* Begin PBXProject section */
		C0DECEED1B1F4FA1001569D1 /* Project object */ = {
			isa = PBXProject;
			attributes = {
				LastUpgradeCheck = 0630;
				ORGANIZATIONNAME = "karan tabrizi";
				TargetAttributes = {
					C0DECEF41B1F4FA1001569D1 = {
						CreatedOnToolsVersion = 6.3.1;
					};
					C0DECF061B1F4FA1001569D1 = {
						CreatedOnToolsVersion = 6.3.1;
						TestTargetID = C0DECEF41B1F4FA1001569D1;
					};
				};
			};
			buildConfigurationList = C0DECEF01B1F4FA1001569D1 /* Build configuration list for PBXProject "JCP OSx" */;
			compatibilityVersion = "Xcode 3.2";
			developmentRegion = English;
			hasScannedForEncodings = 0;
			knownRegions = (
				en,
				Base,
			);
			mainGroup = C0DECEEC1B1F4FA1001569D1;
			productRefGroup = C0DECEF61B1F4FA1001569D1 /* Products */;
			projectDirPath = "";
			projectRoot = "";
			targets = (
				C0DECEF41B1F4FA1001569D1 /* JCP OSx */,
				C0DECF061B1F4FA1001569D1 /* JCP OSxTests */,
			);
		};
/* End PBXProject section */

/* Begin PBXResourcesBuildPhase section */
		C0DECEF31B1F4FA1001569D1 /* Resources */ = {
			isa = PBXResourcesBuildPhase;
			buildActionMask = 2147483647;
			files = (
				C0DECEFF1B1F4FA1001569D1 /* Images.xcassets in Resources */,
				C0DECF021B1F4FA1001569D1 /* Main.storyboard in Resources */,
			);
			runOnlyForDeploymentPostprocessing = 0;
		};
		C0DECF051B1F4FA1001569D1 /* Resources */ = {
			isa = PBXResourcesBuildPhase;
			buildActionMask = 2147483647;
			files = (
			);
			runOnlyForDeploymentPostprocessing = 0;
		};
/* End PBXResourcesBuildPhase section */

/* Begin PBXSourcesBuildPhase section */
		C0DECEF11B1F4FA1001569D1 /* Sources */ = {
			isa = PBXSourcesBuildPhase;
			buildActionMask = 2147483647;
			files = (
				C0DECEFD1B1F4FA1001569D1 /* ViewController.swift in Sources */,
				C0DECEFB1B1F4FA1001569D1 /* AppDelegate.swift in Sources */,
			);
			runOnlyForDeploymentPostprocessing = 0;
		};
		C0DECF031B1F4FA1001569D1 /* Sources */ = {
			isa = PBXSourcesBuildPhase;
			buildActionMask = 2147483647;
			files = (
				C0DECF0E1B1F4FA1001569D1 /* JCP_OSxTests.swift in Sources */,
			);
			runOnlyForDeploymentPostprocessing = 0;
		};
/* End PBXSourcesBuildPhase section */

/* Begin PBXTargetDependency section */
		C0DECF091B1F4FA1001569D1 /* PBXTargetDependency */ = {
			isa = PBXTargetDependency;
			target = C0DECEF41B1F4FA1001569D1 /* JCP OSx */;
			targetProxy = C0DECF081B1F4FA1001569D1 /* PBXContainerItemProxy */;
		};
/* End PBXTargetDependency section */

/* Begin PBXVariantGroup section */
		C0DECF001B1F4FA1001569D1 /* Main.storyboard */ = {
			isa = PBXVariantGroup;
			children = (
				C0DECF011B1F4FA1001569D1 /* Base */,
			);
			name = Main.storyboard;
			sourceTree = "<group>";
		};
/* End PBXVariantGroup section */

/* Begin XCBuildConfiguration section */
		C0DECF0F1B1F4FA1001569D1 /* Debug */ = {
			isa = XCBuildConfiguration;
			buildSettings = {
				ALWAYS_SEARCH_USER_PATHS = NO;
				CLANG_CXX_LANGUAGE_STANDARD = "gnu++0x";
				CLANG_CXX_LIBRARY = "libc++";
				CLANG_ENABLE_MODULES = YES;
				CLANG_ENABLE_OBJC_ARC = YES;
				CLANG_WARN_BOOL_CONVERSION = YES;
				CLANG_WARN_CONSTANT_CONVERSION = YES;
				CLANG_WARN_DIRECT_OBJC_ISA_USAGE = YES_ERROR;
				CLANG_WARN_EMPTY_BODY = YES;
				CLANG_WARN_ENUM_CONVERSION = YES;
				CLANG_WARN_INT_CONVERSION = YES;
				CLANG_WARN_OBJC_ROOT_CLASS = YES_ERROR;
				CLANG_WARN_UNREACHABLE_CODE = YES;
				CLANG_WARN__DUPLICATE_METHOD_MATCH = YES;
				CODE_SIGN_IDENTITY = "-";
				COPY_PHASE_STRIP = NO;
				DEBUG_INFORMATION_FORMAT = dwarf;
				ENABLE_STRICT_OBJC_MSGSEND = YES;
				GCC_C_LANGUAGE_STANDARD = gnu99;
				GCC_DYNAMIC_NO_PIC = NO;
				GCC_NO_COMMON_BLOCKS = YES;
				GCC_OPTIMIZATION_LEVEL = 0;
				GCC_PREPROCESSOR_DEFINITIONS = (
					"DEBUG=1",
					"$(inherited)",
				);
				GCC_SYMBOLS_PRIVATE_EXTERN = NO;
				GCC_WARN_64_TO_32_BIT_CONVERSION = YES;
				GCC_WARN_ABOUT_RETURN_TYPE = YES_ERROR;
				GCC_WARN_UNDECLARED_SELECTOR = YES;
				GCC_WARN_UNINITIALIZED_AUTOS = YES_AGGRESSIVE;
				GCC_WARN_UNUSED_FUNCTION = YES;
				GCC_WARN_UNUSED_VARIABLE = YES;
				MACOSX_DEPLOYMENT_TARGET = 10.10;
				MTL_ENABLE_DEBUG_INFO = YES;
				ONLY_ACTIVE_ARCH = YES;
				SDKROOT = macosx;
				SWIFT_OPTIMIZATION_LEVEL = "-Onone";
			};
			name = Debug;
		};
		C0DECF101B1F4FA1001569D1 /* Release */ = {
			isa = XCBuildConfiguration;
			buildSettings = {
				ALWAYS_SEARCH_USER_PATHS = NO;
				CLANG_CXX_LANGUAGE_STANDARD = "gnu++0x";
				CLANG_CXX_LIBRARY = "libc++";
				CLANG_ENABLE_MODULES = YES;
				CLANG_ENABLE_OBJC_ARC = YES;
				CLANG_WARN_BOOL_CONVERSION = YES;
				CLANG_WARN_CONSTANT_CONVERSION = YES;
				CLANG_WARN_DIRECT_OBJC_ISA_USAGE = YES_ERROR;
				CLANG_WARN_EMPTY_BODY = YES;
				CLANG_WARN_ENUM_CONVERSION = YES;
				CLANG_WARN_INT_CONVERSION = YES;
				CLANG_WARN_OBJC_ROOT_CLASS = YES_ERROR;
				CLANG_WARN_UNREACHABLE_CODE = YES;
				CLANG_WARN__DUPLICATE_METHOD_MATCH = YES;
				CODE_SIGN_IDENTITY = "-";
				COPY_PHASE_STRIP = NO;
				DEBUG_INFORMATION_FORMAT = "dwarf-with-dsym";
				ENABLE_NS_ASSERTIONS = NO;
				ENABLE_STRICT_OBJC_MSGSEND = YES;
				GCC_C_LANGUAGE_STANDARD = gnu99;
				GCC_NO_COMMON_BLOCKS = YES;
				GCC_WARN_64_TO_32_BIT_CONVERSION = YES;
				GCC_WARN_ABOUT_RETURN_TYPE = YES_ERROR;
				GCC_WARN_UNDECLARED_SELECTOR = YES;
				GCC_WARN_UNINITIALIZED_AUTOS = YES_AGGRESSIVE;
				GCC_WARN_UNUSED_FUNCTION = YES;
				GCC_WARN_UNUSED_VARIABLE = YES;
				MACOSX_DEPLOYMENT_TARGET = 10.10;
				MTL_ENABLE_DEBUG_INFO = NO;
				SDKROOT = macosx;
			};
			name = Release;
		};
		C0DECF121B1F4FA1001569D1 /* Debug */ = {
			isa = XCBuildConfiguration;
			buildSettings = {
				ASSETCATALOG_COMPILER_APPICON_NAME = AppIcon;
				COMBINE_HIDPI_IMAGES = YES;
				INFOPLIST_FILE = "JCP OSx/Info.plist";
				LD_RUNPATH_SEARCH_PATHS = "$(inherited) @executable_path/../Frameworks";
				PRODUCT_NAME = "$(TARGET_NAME)";
			};
			name = Debug;
		};
		C0DECF131B1F4FA1001569D1 /* Release */ = {
			isa = XCBuildConfiguration;
			buildSettings = {
				ASSETCATALOG_COMPILER_APPICON_NAME = AppIcon;
				COMBINE_HIDPI_IMAGES = YES;
				INFOPLIST_FILE = "JCP OSx/Info.plist";
				LD_RUNPATH_SEARCH_PATHS = "$(inherited) @executable_path/../Frameworks";
				PRODUCT_NAME = "$(TARGET_NAME)";
			};
			name = Release;
		};
		C0DECF151B1F4FA1001569D1 /* Debug */ = {
			isa = XCBuildConfiguration;
			buildSettings = {
				BUNDLE_LOADER = "$(TEST_HOST)";
				COMBINE_HIDPI_IMAGES = YES;
				FRAMEWORK_SEARCH_PATHS = (
					"$(DEVELOPER_FRAMEWORKS_DIR)",
					"$(inherited)",
				);
				GCC_PREPROCESSOR_DEFINITIONS = (
					"DEBUG=1",
					"$(inherited)",
				);
				INFOPLIST_FILE = "JCP OSxTests/Info.plist";
				LD_RUNPATH_SEARCH_PATHS = "$(inherited) @executable_path/../Frameworks @loader_path/../Frameworks";
				PRODUCT_NAME = "$(TARGET_NAME)";
				TEST_HOST = "$(BUILT_PRODUCTS_DIR)/JCP OSx.app/Contents/MacOS/JCP OSx";
			};
			name = Debug;
		};
		C0DECF161B1F4FA1001569D1 /* Release */ = {
			isa = XCBuildConfiguration;
			buildSettings = {
				BUNDLE_LOADER = "$(TEST_HOST)";
				COMBINE_HIDPI_IMAGES = YES;
				FRAMEWORK_SEARCH_PATHS = (
					"$(DEVELOPER_FRAMEWORKS_DIR)",
					"$(inherited)",
				);
				INFOPLIST_FILE = "JCP OSxTests/Info.plist";
				LD_RUNPATH_SEARCH_PATHS = "$(inherited) @executable_path/../Frameworks @loader_path/../Frameworks";
				PRODUCT_NAME = "$(TARGET_NAME)";
				TEST_HOST = "$(BUILT_PRODUCTS_DIR)/JCP OSx.app/Contents/MacOS/JCP OSx";
			};
			name = Release;
		};
/* End XCBuildConfiguration section */

/* Begin XCConfigurationList section */
		C0DECEF01B1F4FA1001569D1 /* Build configuration list for PBXProject "JCP OSx" */ = {
			isa = XCConfigurationList;
			buildConfigurations = (
				C0DECF0F1B1F4FA1001569D1 /* Debug */,
				C0DECF101B1F4FA1001569D1 /* Release */,
			);
			defaultConfigurationIsVisible = 0;
			defaultConfigurationName = Release;
		};
		C0DECF111B1F4FA1001569D1 /* Build configuration list for PBXNativeTarget "JCP OSx" */ = {
			isa = XCConfigurationList;
			buildConfigurations = (
				C0DECF121B1F4FA1001569D1 /* Debug */,
				C0DECF131B1F4FA1001569D1 /* Release */,
			);
			defaultConfigurationIsVisible = 0;
		};
		C0DECF141B1F4FA1001569D1 /* Build configuration list for PBXNativeTarget "JCP OSxTests" */ = {
			isa = XCConfigurationList;
			buildConfigurations = (
				C0DECF151B1F4FA1001569D1 /* Debug */,
				C0DECF161B1F4FA1001569D1 /* Release */,
			);
			defaultConfigurationIsVisible = 0;
		};
/* End XCConfigurationList section */
	};
	rootObject = C0DECEED1B1F4FA1001569D1 /* Project object */;
}
